{
    "version": 3,
    "terraform_version": "0.11.4",
    "serial": 32,
    "lineage": "3376a78e-49f3-da09-69a6-4d4586309b7d",
    "modules": [
        {
            "path": [
                "root"
            ],
            "outputs": {
                "public_dns": {
                    "sensitive": false,
                    "type": "string",
                    "value": "ec2-52-203-37-57.compute-1.amazonaws.com"
                },
                "public_ip": {
                    "sensitive": false,
                    "type": "string",
                    "value": "52.203.37.57"
                }
            },
            "resources": {
                "aws_instance.poc_graylog": {
                    "type": "aws_instance",
                    "depends_on": [
                        "aws_key_pair.poc_graylog_key",
                        "aws_security_group.allow",
                        "aws_subnet.subnet",
                        "data.aws_ami.ubuntu"
                    ],
                    "primary": {
                        "id": "i-06519d4c2feac7913",
                        "attributes": {
                            "ami": "ami-6dfe5010",
                            "associate_public_ip_address": "true",
                            "availability_zone": "us-east-1a",
                            "disable_api_termination": "false",
                            "ebs_block_device.#": "0",
                            "ebs_optimized": "false",
                            "ephemeral_block_device.#": "0",
                            "get_password_data": "false",
                            "iam_instance_profile": "",
                            "id": "i-06519d4c2feac7913",
                            "instance_state": "running",
                            "instance_type": "t2.medium",
                            "ipv6_addresses.#": "0",
                            "key_name": "poc_graylog_key",
                            "monitoring": "false",
                            "network_interface.#": "0",
                            "network_interface_id": "eni-f574e867",
                            "password_data": "",
                            "placement_group": "",
                            "primary_network_interface_id": "eni-f574e867",
                            "private_dns": "ip-10-10-133-6.ec2.internal",
                            "private_ip": "10.10.133.6",
                            "public_dns": "ec2-52-203-37-57.compute-1.amazonaws.com",
                            "public_ip": "52.203.37.57",
                            "root_block_device.#": "1",
                            "root_block_device.0.delete_on_termination": "true",
                            "root_block_device.0.iops": "100",
                            "root_block_device.0.volume_id": "vol-0769fb25763f271d1",
                            "root_block_device.0.volume_size": "8",
                            "root_block_device.0.volume_type": "gp2",
                            "security_groups.#": "0",
                            "source_dest_check": "true",
                            "subnet_id": "subnet-1c140433",
                            "tags.%": "1",
                            "tags.Name": "graylog-poc",
                            "tenancy": "default",
                            "volume_tags.%": "0",
                            "vpc_security_group_ids.#": "1",
                            "vpc_security_group_ids.4029257399": "sg-27bb1f6e"
                        },
                        "meta": {
                            "e2bfb730-ecaa-11e6-8f88-34363bc7c4c0": {
                                "create": 600000000000,
                                "delete": 1200000000000,
                                "update": 600000000000
                            },
                            "schema_version": "1"
                        },
                        "tainted": false
                    },
                    "deposed": [],
                    "provider": "provider.aws"
                },
                "aws_key_pair.poc_graylog_key": {
                    "type": "aws_key_pair",
                    "depends_on": [],
                    "primary": {
                        "id": "poc_graylog_key",
                        "attributes": {
                            "fingerprint": "1a:c9:12:e5:6b:17:97:61:8b:fb:ce:46:1b:0e:81:7b",
                            "id": "poc_graylog_key",
                            "key_name": "poc_graylog_key",
                            "public_key": "ssh-rsa AAAAB3NzaC1yc2EAAAADAQABAAABAQDGNGSofadKVfS15krkKwgS0ggi29trxrekRnIlFINTnIzWOX/V1u4u3lTFwPzXhEPm0IkdXUZNa2lIcB5xC/8Ei9cDBQNSdRV4RFBgREdj1fr7k2Co7pIHQSFs+kbGT9OTCbmzUpmjModLrDy4CEMO/PC52hWFgXrdH+TkOD7jMmr+TIeYpcEpH6iZ1e6D7xvbfZEGWUIK7EQV+/H2iXAT7V7WcUdXKC1Rf2v5GPzaCWp2W4h2uqvpJv2Ci+xENdScCqHwf6eUbkqMJgaBTeAVv6kHYWFr1mwMQLHlf+UKM7cH9Q/OeWd5kHpbB/qnoocp8yNN0x4UlW4TSNo+YEfB kbatista@squaretrade.com"
                        },
                        "meta": {
                            "schema_version": "1"
                        },
                        "tainted": false
                    },
                    "deposed": [],
                    "provider": "provider.aws"
                },
                "aws_route53_record.logging": {
                    "type": "aws_route53_record",
                    "depends_on": [
                        "aws_instance.poc_graylog"
                    ],
                    "primary": {
                        "id": "Z3P1QV8JDYRDWH_logging.avenuecode.io_CNAME",
                        "attributes": {
                            "allow_overwrite": "true",
                            "fqdn": "logging.avenuecode.io",
                            "health_check_id": "",
                            "id": "Z3P1QV8JDYRDWH_logging.avenuecode.io_CNAME",
                            "name": "logging.avenuecode.io",
                            "records.#": "1",
                            "records.693093434": "ec2-52-203-37-57.compute-1.amazonaws.com",
                            "set_identifier": "",
                            "ttl": "60",
                            "type": "CNAME",
                            "zone_id": "Z3P1QV8JDYRDWH"
                        },
                        "meta": {
                            "schema_version": "2"
                        },
                        "tainted": false
                    },
                    "deposed": [],
                    "provider": "provider.aws"
                },
                "aws_security_group.allow": {
                    "type": "aws_security_group",
                    "depends_on": [],
                    "primary": {
                        "id": "sg-27bb1f6e",
                        "attributes": {
                            "arn": "arn:aws:ec2:us-east-1:911044039171:security-group/sg-27bb1f6e",
                            "description": "Allow basic traffic inbound",
                            "egress.#": "1",
                            "egress.482069346.cidr_blocks.#": "1",
                            "egress.482069346.cidr_blocks.0": "0.0.0.0/0",
                            "egress.482069346.description": "",
                            "egress.482069346.from_port": "0",
                            "egress.482069346.ipv6_cidr_blocks.#": "0",
                            "egress.482069346.prefix_list_ids.#": "0",
                            "egress.482069346.protocol": "-1",
                            "egress.482069346.security_groups.#": "0",
                            "egress.482069346.self": "false",
                            "egress.482069346.to_port": "0",
                            "id": "sg-27bb1f6e",
                            "ingress.#": "8",
                            "ingress.1568200231.cidr_blocks.#": "1",
                            "ingress.1568200231.cidr_blocks.0": "0.0.0.0/0",
                            "ingress.1568200231.description": "",
                            "ingress.1568200231.from_port": "12201",
                            "ingress.1568200231.ipv6_cidr_blocks.#": "0",
                            "ingress.1568200231.protocol": "tcp",
                            "ingress.1568200231.security_groups.#": "0",
                            "ingress.1568200231.self": "false",
                            "ingress.1568200231.to_port": "12201",
                            "ingress.1914791466.cidr_blocks.#": "1",
                            "ingress.1914791466.cidr_blocks.0": "0.0.0.0/0",
                            "ingress.1914791466.description": "",
                            "ingress.1914791466.from_port": "12201",
                            "ingress.1914791466.ipv6_cidr_blocks.#": "0",
                            "ingress.1914791466.protocol": "udp",
                            "ingress.1914791466.security_groups.#": "0",
                            "ingress.1914791466.self": "false",
                            "ingress.1914791466.to_port": "12201",
                            "ingress.2214680975.cidr_blocks.#": "1",
                            "ingress.2214680975.cidr_blocks.0": "0.0.0.0/0",
                            "ingress.2214680975.description": "",
                            "ingress.2214680975.from_port": "80",
                            "ingress.2214680975.ipv6_cidr_blocks.#": "0",
                            "ingress.2214680975.protocol": "tcp",
                            "ingress.2214680975.security_groups.#": "0",
                            "ingress.2214680975.self": "false",
                            "ingress.2214680975.to_port": "80",
                            "ingress.2419663769.cidr_blocks.#": "1",
                            "ingress.2419663769.cidr_blocks.0": "0.0.0.0/0",
                            "ingress.2419663769.description": "",
                            "ingress.2419663769.from_port": "5555",
                            "ingress.2419663769.ipv6_cidr_blocks.#": "0",
                            "ingress.2419663769.protocol": "tcp",
                            "ingress.2419663769.security_groups.#": "0",
                            "ingress.2419663769.self": "false",
                            "ingress.2419663769.to_port": "5555",
                            "ingress.2541437006.cidr_blocks.#": "1",
                            "ingress.2541437006.cidr_blocks.0": "0.0.0.0/0",
                            "ingress.2541437006.description": "",
                            "ingress.2541437006.from_port": "22",
                            "ingress.2541437006.ipv6_cidr_blocks.#": "0",
                            "ingress.2541437006.protocol": "tcp",
                            "ingress.2541437006.security_groups.#": "0",
                            "ingress.2541437006.self": "false",
                            "ingress.2541437006.to_port": "22",
                            "ingress.3210777492.cidr_blocks.#": "1",
                            "ingress.3210777492.cidr_blocks.0": "0.0.0.0/0",
                            "ingress.3210777492.description": "",
                            "ingress.3210777492.from_port": "5555",
                            "ingress.3210777492.ipv6_cidr_blocks.#": "0",
                            "ingress.3210777492.protocol": "udp",
                            "ingress.3210777492.security_groups.#": "0",
                            "ingress.3210777492.self": "false",
                            "ingress.3210777492.to_port": "5555",
                            "ingress.499978689.cidr_blocks.#": "1",
                            "ingress.499978689.cidr_blocks.0": "0.0.0.0/0",
                            "ingress.499978689.description": "",
                            "ingress.499978689.from_port": "514",
                            "ingress.499978689.ipv6_cidr_blocks.#": "0",
                            "ingress.499978689.protocol": "udp",
                            "ingress.499978689.security_groups.#": "0",
                            "ingress.499978689.self": "false",
                            "ingress.499978689.to_port": "514",
                            "ingress.848601548.cidr_blocks.#": "1",
                            "ingress.848601548.cidr_blocks.0": "0.0.0.0/0",
                            "ingress.848601548.description": "",
                            "ingress.848601548.from_port": "514",
                            "ingress.848601548.ipv6_cidr_blocks.#": "0",
                            "ingress.848601548.protocol": "tcp",
                            "ingress.848601548.security_groups.#": "0",
                            "ingress.848601548.self": "false",
                            "ingress.848601548.to_port": "514",
                            "name": "graylog_security_group",
                            "owner_id": "911044039171",
                            "revoke_rules_on_delete": "false",
                            "tags.%": "1",
                            "tags.Name": "graylog-poc",
                            "vpc_id": "vpc-098dcd6f"
                        },
                        "meta": {
                            "e2bfb730-ecaa-11e6-8f88-34363bc7c4c0": {
                                "create": 600000000000,
                                "delete": 600000000000
                            },
                            "schema_version": "1"
                        },
                        "tainted": false
                    },
                    "deposed": [],
                    "provider": "provider.aws"
                },
                "aws_subnet.subnet": {
                    "type": "aws_subnet",
                    "depends_on": [],
                    "primary": {
                        "id": "subnet-1c140433",
                        "attributes": {
                            "assign_ipv6_address_on_creation": "false",
                            "availability_zone": "us-east-1a",
                            "cidr_block": "10.10.133.0/24",
                            "id": "subnet-1c140433",
                            "map_public_ip_on_launch": "true",
                            "tags.%": "1",
                            "tags.Name": "graylog-poc",
                            "vpc_id": "vpc-098dcd6f"
                        },
                        "meta": {
                            "schema_version": "1"
                        },
                        "tainted": false
                    },
                    "deposed": [],
                    "provider": "provider.aws"
                },
                "data.aws_ami.ubuntu": {
                    "type": "aws_ami",
                    "depends_on": [],
                    "primary": {
                        "id": "ami-6dfe5010",
                        "attributes": {
                            "architecture": "x86_64",
                            "block_device_mappings.#": "3",
                            "block_device_mappings.1634610537.device_name": "/dev/sdb",
                            "block_device_mappings.1634610537.ebs.%": "0",
                            "block_device_mappings.1634610537.no_device": "",
                            "block_device_mappings.1634610537.virtual_name": "ephemeral0",
                            "block_device_mappings.2547816212.device_name": "/dev/sda1",
                            "block_device_mappings.2547816212.ebs.%": "6",
                            "block_device_mappings.2547816212.ebs.delete_on_termination": "true",
                            "block_device_mappings.2547816212.ebs.encrypted": "false",
                            "block_device_mappings.2547816212.ebs.iops": "0",
                            "block_device_mappings.2547816212.ebs.snapshot_id": "snap-0b4007dc080b853af",
                            "block_device_mappings.2547816212.ebs.volume_size": "8",
                            "block_device_mappings.2547816212.ebs.volume_type": "gp2",
                            "block_device_mappings.2547816212.no_device": "",
                            "block_device_mappings.2547816212.virtual_name": "",
                            "block_device_mappings.3850042718.device_name": "/dev/sdc",
                            "block_device_mappings.3850042718.ebs.%": "0",
                            "block_device_mappings.3850042718.no_device": "",
                            "block_device_mappings.3850042718.virtual_name": "ephemeral1",
                            "creation_date": "2018-04-05T19:28:58.000Z",
                            "description": "Canonical, Ubuntu, 16.04 LTS, amd64 xenial image build on 2018-04-05",
                            "filter.#": "2",
                            "filter.1585153008.name": "name",
                            "filter.1585153008.values.#": "1",
                            "filter.1585153008.values.0": "ubuntu/images/hvm-ssd/ubuntu-xenial-16.04-amd64-server-*",
                            "filter.490168357.name": "virtualization-type",
                            "filter.490168357.values.#": "1",
                            "filter.490168357.values.0": "hvm",
                            "hypervisor": "xen",
                            "id": "ami-6dfe5010",
                            "image_id": "ami-6dfe5010",
                            "image_location": "099720109477/ubuntu/images/hvm-ssd/ubuntu-xenial-16.04-amd64-server-20180405",
                            "image_type": "machine",
                            "most_recent": "true",
                            "name": "ubuntu/images/hvm-ssd/ubuntu-xenial-16.04-amd64-server-20180405",
                            "owner_id": "099720109477",
                            "owners.#": "1",
                            "owners.0": "099720109477",
                            "product_codes.#": "0",
                            "public": "true",
                            "root_device_name": "/dev/sda1",
                            "root_device_type": "ebs",
                            "root_snapshot_id": "snap-0b4007dc080b853af",
                            "sriov_net_support": "simple",
                            "state": "available",
                            "state_reason.%": "2",
                            "state_reason.code": "UNSET",
                            "state_reason.message": "UNSET",
                            "tags.%": "0",
                            "virtualization_type": "hvm"
                        },
                        "meta": {},
                        "tainted": false
                    },
                    "deposed": [],
                    "provider": "provider.aws"
                }
            },
            "depends_on": []
        }
    ]
}
